// !$*UTF8*$!
{
	archiveVersion = 1;
	classes = {
	};
	objectVersion = 56;
	objects = {

/* Begin PBXBuildFile section */
		74669BF72912FE030096C6CD /* AppDelegate.swift in Sources */ = {isa = PBXBuildFile; fileRef = 74669BF62912FE030096C6CD /* AppDelegate.swift */; };
		74669BF92912FE030096C6CD /* SceneDelegate.swift in Sources */ = {isa = PBXBuildFile; fileRef = 74669BF82912FE030096C6CD /* SceneDelegate.swift */; };
		74669BFB2912FE030096C6CD /* ViewController.swift in Sources */ = {isa = PBXBuildFile; fileRef = 74669BFA2912FE030096C6CD /* ViewController.swift */; };
		74669BFE2912FE030096C6CD /* Main.storyboard in Resources */ = {isa = PBXBuildFile; fileRef = 74669BFC2912FE030096C6CD /* Main.storyboard */; };
		74669C002912FE040096C6CD /* Assets.xcassets in Resources */ = {isa = PBXBuildFile; fileRef = 74669BFF2912FE040096C6CD /* Assets.xcassets */; };
		74669C032912FE040096C6CD /* LaunchScreen.storyboard in Resources */ = {isa = PBXBuildFile; fileRef = 74669C012912FE040096C6CD /* LaunchScreen.storyboard */; };
		74669C152912FE3B0096C6CD /* nssl0049.jpg in Resources */ = {isa = PBXBuildFile; fileRef = 74669C0B2912FE3B0096C6CD /* nssl0049.jpg */; };
		74669C162912FE3B0096C6CD /* nssl0046.jpg in Resources */ = {isa = PBXBuildFile; fileRef = 74669C0C2912FE3B0096C6CD /* nssl0046.jpg */; };
		74669C172912FE3B0096C6CD /* nssl0091.jpg in Resources */ = {isa = PBXBuildFile; fileRef = 74669C0D2912FE3B0096C6CD /* nssl0091.jpg */; };
		74669C182912FE3B0096C6CD /* nssl0045.jpg in Resources */ = {isa = PBXBuildFile; fileRef = 74669C0E2912FE3B0096C6CD /* nssl0045.jpg */; };
		74669C192912FE3B0096C6CD /* nssl0051.jpg in Resources */ = {isa = PBXBuildFile; fileRef = 74669C0F2912FE3B0096C6CD /* nssl0051.jpg */; };
		74669C1A2912FE3B0096C6CD /* nssl0041.jpg in Resources */ = {isa = PBXBuildFile; fileRef = 74669C102912FE3B0096C6CD /* nssl0041.jpg */; };
		74669C1B2912FE3B0096C6CD /* nssl0042.jpg in Resources */ = {isa = PBXBuildFile; fileRef = 74669C112912FE3B0096C6CD /* nssl0042.jpg */; };
		74669C1C2912FE3B0096C6CD /* nssl0043.jpg in Resources */ = {isa = PBXBuildFile; fileRef = 74669C122912FE3B0096C6CD /* nssl0043.jpg */; };
		74669C1D2912FE3B0096C6CD /* nssl0033.jpg in Resources */ = {isa = PBXBuildFile; fileRef = 74669C132912FE3B0096C6CD /* nssl0033.jpg */; };
		74669C1E2912FE3B0096C6CD /* nssl0034.jpg in Resources */ = {isa = PBXBuildFile; fileRef = 74669C142912FE3B0096C6CD /* nssl0034.jpg */; };
		74669C20291468AC0096C6CD /* DetailViewController.swift in Sources */ = {isa = PBXBuildFile; fileRef = 74669C1F291468AC0096C6CD /* DetailViewController.swift */; };
/* End PBXBuildFile section */

/* Begin PBXFileReference section */
		74669BF32912FE030096C6CD /* Project1.app */ = {isa = PBXFileReference; explicitFileType = wrapper.application; includeInIndex = 0; path = Project1.app; sourceTree = BUILT_PRODUCTS_DIR; };
		74669BF62912FE030096C6CD /* AppDelegate.swift */ = {isa = PBXFileReference; lastKnownFileType = sourcecode.swift; path = AppDelegate.swift; sourceTree = "<group>"; };
		74669BF82912FE030096C6CD /* SceneDelegate.swift */ = {isa = PBXFileReference; lastKnownFileType = sourcecode.swift; path = SceneDelegate.swift; sourceTree = "<group>"; };
		74669BFA2912FE030096C6CD /* ViewController.swift */ = {isa = PBXFileReference; lastKnownFileType = sourcecode.swift; path = ViewController.swift; sourceTree = "<group>"; };
		74669BFD2912FE030096C6CD /* Base */ = {isa = PBXFileReference; lastKnownFileType = file.storyboard; name = Base; path = Base.lproj/Main.storyboard; sourceTree = "<group>"; };
		74669BFF2912FE040096C6CD /* Assets.xcassets */ = {isa = PBXFileReference; lastKnownFileType = folder.assetcatalog; path = Assets.xcassets; sourceTree = "<group>"; };
		74669C022912FE040096C6CD /* Base */ = {isa = PBXFileReference; lastKnownFileType = file.storyboard; name = Base; path = Base.lproj/LaunchScreen.storyboard; sourceTree = "<group>"; };
		74669C042912FE040096C6CD /* Info.plist */ = {isa = PBXFileReference; lastKnownFileType = text.plist.xml; path = Info.plist; sourceTree = "<group>"; };
		74669C0B2912FE3B0096C6CD /* nssl0049.jpg */ = {isa = PBXFileReference; lastKnownFileType = image.jpeg; path = nssl0049.jpg; sourceTree = "<group>"; };
		74669C0C2912FE3B0096C6CD /* nssl0046.jpg */ = {isa = PBXFileReference; lastKnownFileType = image.jpeg; path = nssl0046.jpg; sourceTree = "<group>"; };
		74669C0D2912FE3B0096C6CD /* nssl0091.jpg */ = {isa = PBXFileReference; lastKnownFileType = image.jpeg; path = nssl0091.jpg; sourceTree = "<group>"; };
		74669C0E2912FE3B0096C6CD /* nssl0045.jpg */ = {isa = PBXFileReference; lastKnownFileType = image.jpeg; path = nssl0045.jpg; sourceTree = "<group>"; };
		74669C0F2912FE3B0096C6CD /* nssl0051.jpg */ = {isa = PBXFileReference; lastKnownFileType = image.jpeg; path = nssl0051.jpg; sourceTree = "<group>"; };
		74669C102912FE3B0096C6CD /* nssl0041.jpg */ = {isa = PBXFileReference; lastKnownFileType = image.jpeg; path = nssl0041.jpg; sourceTree = "<group>"; };
		74669C112912FE3B0096C6CD /* nssl0042.jpg */ = {isa = PBXFileReference; lastKnownFileType = image.jpeg; path = nssl0042.jpg; sourceTree = "<group>"; };
		74669C122912FE3B0096C6CD /* nssl0043.jpg */ = {isa = PBXFileReference; lastKnownFileType = image.jpeg; path = nssl0043.jpg; sourceTree = "<group>"; };
		74669C132912FE3B0096C6CD /* nssl0033.jpg */ = {isa = PBXFileReference; lastKnownFileType = image.jpeg; path = nssl0033.jpg; sourceTree = "<group>"; };
		74669C142912FE3B0096C6CD /* nssl0034.jpg */ = {isa = PBXFileReference; lastKnownFileType = image.jpeg; path = nssl0034.jpg; sourceTree = "<group>"; };
		74669C1F291468AC0096C6CD /* DetailViewController.swift */ = {isa = PBXFileReference; lastKnownFileType = sourcecode.swift; path = DetailViewController.swift; sourceTree = "<group>"; };
/* End PBXFileReference section */

/* Begin PBXFrameworksBuildPhase section */
		74669BF02912FE030096C6CD /* Frameworks */ = {
			isa = PBXFrameworksBuildPhase;
			buildActionMask = 2147483647;
			files = (
			);
			runOnlyForDeploymentPostprocessing = 0;
		};
/* End PBXFrameworksBuildPhase section */

/* Begin PBXGroup section */
		74669BEA2912FE030096C6CD = {
			isa = PBXGroup;
			children = (
				74669BF52912FE030096C6CD /* Project1 */,
				74669BF42912FE030096C6CD /* Products */,
			);
			sourceTree = "<group>";
		};
		74669BF42912FE030096C6CD /* Products */ = {
			isa = PBXGroup;
			children = (
				74669BF32912FE030096C6CD /* Project1.app */,
			);
			name = Products;
			sourceTree = "<group>";
		};
		74669BF52912FE030096C6CD /* Project1 */ = {
			isa = PBXGroup;
			children = (
				74669BF62912FE030096C6CD /* AppDelegate.swift */,
				74669BF82912FE030096C6CD /* SceneDelegate.swift */,
				74669BFA2912FE030096C6CD /* ViewController.swift */,
				74669C1F291468AC0096C6CD /* DetailViewController.swift */,
				74669BFC2912FE030096C6CD /* Main.storyboard */,
				74669BFF2912FE040096C6CD /* Assets.xcassets */,
				74669C012912FE040096C6CD /* LaunchScreen.storyboard */,
				74669C0A2912FE3B0096C6CD /* Content */,
				74669C042912FE040096C6CD /* Info.plist */,
			);
			path = Project1;
			sourceTree = "<group>";
		};
		74669C0A2912FE3B0096C6CD /* Content */ = {
			isa = PBXGroup;
			children = (
				74669C0B2912FE3B0096C6CD /* nssl0049.jpg */,
				74669C0C2912FE3B0096C6CD /* nssl0046.jpg */,
				74669C0D2912FE3B0096C6CD /* nssl0091.jpg */,
				74669C0E2912FE3B0096C6CD /* nssl0045.jpg */,
				74669C0F2912FE3B0096C6CD /* nssl0051.jpg */,
				74669C102912FE3B0096C6CD /* nssl0041.jpg */,
				74669C112912FE3B0096C6CD /* nssl0042.jpg */,
				74669C122912FE3B0096C6CD /* nssl0043.jpg */,
				74669C132912FE3B0096C6CD /* nssl0033.jpg */,
				74669C142912FE3B0096C6CD /* nssl0034.jpg */,
			);
			path = Content;
			sourceTree = "<group>";
		};
/* End PBXGroup section */

/* Begin PBXNativeTarget section */
		74669BF22912FE030096C6CD /* Project1 */ = {
			isa = PBXNativeTarget;
			buildConfigurationList = 74669C072912FE040096C6CD /* Build configuration list for PBXNativeTarget "Project1" */;
			buildPhases = (
				74669BEF2912FE030096C6CD /* Sources */,
				74669BF02912FE030096C6CD /* Frameworks */,
				74669BF12912FE030096C6CD /* Resources */,
			);
			buildRules = (
			);
			dependencies = (
			);
			name = Project1;
			productName = Project1;
			productReference = 74669BF32912FE030096C6CD /* Project1.app */;
			productType = "com.apple.product-type.application";
		};
/* End PBXNativeTarget section */

/* Begin PBXProject section */
		74669BEB2912FE030096C6CD /* Project object */ = {
			isa = PBXProject;
			attributes = {
				BuildIndependentTargetsInParallel = 1;
				LastSwiftUpdateCheck = 1400;
				LastUpgradeCheck = 1400;
				TargetAttributes = {
					74669BF22912FE030096C6CD = {
						CreatedOnToolsVersion = 14.0.1;
					};
				};
			};
			buildConfigurationList = 74669BEE2912FE030096C6CD /* Build configuration list for PBXProject "Project1" */;
			compatibilityVersion = "Xcode 14.0";
			developmentRegion = en;
			hasScannedForEncodings = 0;
			knownRegions = (
				en,
				Base,
			);
			mainGroup = 74669BEA2912FE030096C6CD;
			productRefGroup = 74669BF42912FE030096C6CD /* Products */;
			projectDirPath = "";
			projectRoot = "";
			targets = (
				74669BF22912FE030096C6CD /* Project1 */,
			);
		};
/* End PBXProject section */

/* Begin PBXResourcesBuildPhase section */
		74669BF12912FE030096C6CD /* Resources */ = {
			isa = PBXResourcesBuildPhase;
			buildActionMask = 2147483647;
			files = (
				74669C162912FE3B0096C6CD /* nssl0046.jpg in Resources */,
				74669C1D2912FE3B0096C6CD /* nssl0033.jpg in Resources */,
				74669C192912FE3B0096C6CD /* nssl0051.jpg in Resources */,
				74669C172912FE3B0096C6CD /* nssl0091.jpg in Resources */,
				74669C1C2912FE3B0096C6CD /* nssl0043.jpg in Resources */,
				74669C1E2912FE3B0096C6CD /* nssl0034.jpg in Resources */,
				74669C152912FE3B0096C6CD /* nssl0049.jpg in Resources */,
				74669C1A2912FE3B0096C6CD /* nssl0041.jpg in Resources */,
				74669C1B2912FE3B0096C6CD /* nssl0042.jpg in Resources */,
				74669C032912FE040096C6CD /* LaunchScreen.storyboard in Resources */,
				74669C002912FE040096C6CD /* Assets.xcassets in Resources */,
				74669C182912FE3B0096C6CD /* nssl0045.jpg in Resources */,
				74669BFE2912FE030096C6CD /* Main.storyboard in Resources */,
			);
			runOnlyForDeploymentPostprocessing = 0;
		};
/* End PBXResourcesBuildPhase section */

/* Begin PBXSourcesBuildPhase section */
		74669BEF2912FE030096C6CD /* Sources */ = {
			isa = PBXSourcesBuildPhase;
			buildActionMask = 2147483647;
			files = (
				74669BFB2912FE030096C6CD /* ViewController.swift in Sources */,
				74669BF72912FE030096C6CD /* AppDelegate.swift in Sources */,
				74669BF92912FE030096C6CD /* SceneDelegate.swift in Sources */,
				74669C20291468AC0096C6CD /* DetailViewController.swift in Sources */,
			);
			runOnlyForDeploymentPostprocessing = 0;
		};
/* End PBXSourcesBuildPhase section */

/* Begin PBXVariantGroup section */
		74669BFC2912FE030096C6CD /* Main.storyboard */ = {
			isa = PBXVariantGroup;
			children = (
				74669BFD2912FE030096C6CD /* Base */,
			);
			name = Main.storyboard;
			sourceTree = "<group>";
		};
		74669C012912FE040096C6CD /* LaunchScreen.storyboard */ = {
			isa = PBXVariantGroup;
			children = (
				74669C022912FE040096C6CD /* Base */,
			);
			name = LaunchScreen.storyboard;
			sourceTree = "<group>";
		};
/* End PBXVariantGroup section */

/* Begin XCBuildConfiguration section */
		74669C052912FE040096C6CD /* Debug */ = {
			isa = XCBuildConfiguration;
			buildSettings = {
				ALWAYS_SEARCH_USER_PATHS = NO;
				CLANG_ANALYZER_NONNULL = YES;
				CLANG_ANALYZER_NUMBER_OBJECT_CONVERSION = YES_AGGRESSIVE;
				CLANG_CXX_LANGUAGE_STANDARD = "gnu++20";
				CLANG_ENABLE_MODULES = YES;
				CLANG_ENABLE_OBJC_ARC = YES;
				CLANG_ENABLE_OBJC_WEAK = YES;
				CLANG_WARN_BLOCK_CAPTURE_AUTORELEASING = YES;
				CLANG_WARN_BOOL_CONVERSION = YES;
				CLANG_WARN_COMMA = YES;
				CLANG_WARN_CONSTANT_CONVERSION = YES;
				CLANG_WARN_DEPRECATED_OBJC_IMPLEMENTATIONS = YES;
				CLANG_WARN_DIRECT_OBJC_ISA_USAGE = YES_ERROR;
				CLANG_WARN_DOCUMENTATION_COMMENTS = YES;
				CLANG_WARN_EMPTY_BODY = YES;
				CLANG_WARN_ENUM_CONVERSION = YES;
				CLANG_WARN_INFINITE_RECURSION = YES;
				CLANG_WARN_INT_CONVERSION = YES;
				CLANG_WARN_NON_LITERAL_NULL_CONVERSION = YES;
				CLANG_WARN_OBJC_IMPLICIT_RETAIN_SELF = YES;
				CLANG_WARN_OBJC_LITERAL_CONVERSION = YES;
				CLANG_WARN_OBJC_ROOT_CLASS = YES_ERROR;
				CLANG_WARN_QUOTED_INCLUDE_IN_FRAMEWORK_HEADER = YES;
				CLANG_WARN_RANGE_LOOP_ANALYSIS = YES;
				CLANG_WARN_STRICT_PROTOTYPES = YES;
				CLANG_WARN_SUSPICIOUS_MOVE = YES;
				CLANG_WARN_UNGUARDED_AVAILABILITY = YES_AGGRESSIVE;
				CLANG_WARN_UNREACHABLE_CODE = YES;
				CLANG_WARN__DUPLICATE_METHOD_MATCH = YES;
				COPY_PHASE_STRIP = NO;
				DEBUG_INFORMATION_FORMAT = dwarf;
				ENABLE_STRICT_OBJC_MSGSEND = YES;
				ENABLE_TESTABILITY = YES;
				GCC_C_LANGUAGE_STANDARD = gnu11;
				GCC_DYNAMIC_NO_PIC = NO;
				GCC_NO_COMMON_BLOCKS = YES;
				GCC_OPTIMIZATION_LEVEL = 0;
				GCC_PREPROCESSOR_DEFINITIONS = (
					"DEBUG=1",
					"$(inherited)",
				);
				GCC_WARN_64_TO_32_BIT_CONVERSION = YES;
				GCC_WARN_ABOUT_RETURN_TYPE = YES_ERROR;
				GCC_WARN_UNDECLARED_SELECTOR = YES;
				GCC_WARN_UNINITIALIZED_AUTOS = YES_AGGRESSIVE;
				GCC_WARN_UNUSED_FUNCTION = YES;
				GCC_WARN_UNUSED_VARIABLE = YES;
				IPHONEOS_DEPLOYMENT_TARGET = 16.0;
				MTL_ENABLE_DEBUG_INFO = INCLUDE_SOURCE;
				MTL_FAST_MATH = YES;
				ONLY_ACTIVE_ARCH = YES;
				SDKROOT = iphoneos;
				SWIFT_ACTIVE_COMPILATION_CONDITIONS = DEBUG;
				SWIFT_OPTIMIZATION_LEVEL = "-Onone";
			};
			name = Debug;
		};
		74669C062912FE040096C6CD /* Release */ = {
			isa = XCBuildConfiguration;
			buildSettings = {
				ALWAYS_SEARCH_USER_PATHS = NO;
				CLANG_ANALYZER_NONNULL = YES;
				CLANG_ANALYZER_NUMBER_OBJECT_CONVERSION = YES_AGGRESSIVE;
				CLANG_CXX_LANGUAGE_STANDARD = "gnu++20";
				CLANG_ENABLE_MODULES = YES;
				CLANG_ENABLE_OBJC_ARC = YES;
				CLANG_ENABLE_OBJC_WEAK = YES;
				CLANG_WARN_BLOCK_CAPTURE_AUTORELEASING = YES;
				CLANG_WARN_BOOL_CONVERSION = YES;
				CLANG_WARN_COMMA = YES;
				CLANG_WARN_CONSTANT_CONVERSION = YES;
				CLANG_WARN_DEPRECATED_OBJC_IMPLEMENTATIONS = YES;
				CLANG_WARN_DIRECT_OBJC_ISA_USAGE = YES_ERROR;
				CLANG_WARN_DOCUMENTATION_COMMENTS = YES;
				CLANG_WARN_EMPTY_BODY = YES;
				CLANG_WARN_ENUM_CONVERSION = YES;
				CLANG_WARN_INFINITE_RECURSION = YES;
				CLANG_WARN_INT_CONVERSION = YES;
				CLANG_WARN_NON_LITERAL_NULL_CONVERSION = YES;
				CLANG_WARN_OBJC_IMPLICIT_RETAIN_SELF = YES;
				CLANG_WARN_OBJC_LITERAL_CONVERSION = YES;
				CLANG_WARN_OBJC_ROOT_CLASS = YES_ERROR;
				CLANG_WARN_QUOTED_INCLUDE_IN_FRAMEWORK_HEADER = YES;
				CLANG_WARN_RANGE_LOOP_ANALYSIS = YES;
				CLANG_WARN_STRICT_PROTOTYPES = YES;
				CLANG_WARN_SUSPICIOUS_MOVE = YES;
				CLANG_WARN_UNGUARDED_AVAILABILITY = YES_AGGRESSIVE;
				CLANG_WARN_UNREACHABLE_CODE = YES;
				CLANG_WARN__DUPLICATE_METHOD_MATCH = YES;
				COPY_PHASE_STRIP = NO;
				DEBUG_INFORMATION_FORMAT = "dwarf-with-dsym";
				ENABLE_NS_ASSERTIONS = NO;
				ENABLE_STRICT_OBJC_MSGSEND = YES;
				GCC_C_LANGUAGE_STANDARD = gnu11;
				GCC_NO_COMMON_BLOCKS = YES;
				GCC_WARN_64_TO_32_BIT_CONVERSION = YES;
				GCC_WARN_ABOUT_RETURN_TYPE = YES_ERROR;
				GCC_WARN_UNDECLARED_SELECTOR = YES;
				GCC_WARN_UNINITIALIZED_AUTOS = YES_AGGRESSIVE;
				GCC_WARN_UNUSED_FUNCTION = YES;
				GCC_WARN_UNUSED_VARIABLE = YES;
				IPHONEOS_DEPLOYMENT_TARGET = 16.0;
				MTL_ENABLE_DEBUG_INFO = NO;
				MTL_FAST_MATH = YES;
				SDKROOT = iphoneos;
				SWIFT_COMPILATION_MODE = wholemodule;
				SWIFT_OPTIMIZATION_LEVEL = "-O";
				VALIDATE_PRODUCT = YES;
			};
			name = Release;
		};
		74669C082912FE040096C6CD /* Debug */ = {
			isa = XCBuildConfiguration;
			buildSettings = {
				ASSETCATALOG_COMPILER_APPICON_NAME = AppIcon;
				ASSETCATALOG_COMPILER_GLOBAL_ACCENT_COLOR_NAME = AccentColor;
				CODE_SIGN_STYLE = Automatic;
				CURRENT_PROJECT_VERSION = 1;
				DEVELOPMENT_TEAM = Q5RGK848VX;
				GENERATE_INFOPLIST_FILE = YES;
				INFOPLIST_FILE = Project1/Info.plist;
				INFOPLIST_KEY_UIApplicationSupportsIndirectInputEvents = YES;
				INFOPLIST_KEY_UILaunchStoryboardName = LaunchScreen;
				INFOPLIST_KEY_UIMainStoryboardFile = Main;
				INFOPLIST_KEY_UISupportedInterfaceOrientations_iPad = "UIInterfaceOrientationPortrait UIInterfaceOrientationPortraitUpsideDown UIInterfaceOrientationLandscapeLeft UIInterfaceOrientationLandscapeRight";
				INFOPLIST_KEY_UISupportedInterfaceOrientations_iPhone = "UIInterfaceOrientationPortrait UIInterfaceOrientationLandscapeLeft UIInterfaceOrientationLandscapeRight";
				LD_RUNPATH_SEARCH_PATHS = (
					"$(inherited)",
					"@executable_path/Frameworks",
				);
				MARKETING_VERSION = 1.0;
				PRODUCT_BUNDLE_IDENTIFIER = com.talhagolcugezli.Project1;
				PRODUCT_NAME = "$(TARGET_NAME)";
				SWIFT_EMIT_LOC_STRINGS = YES;
				SWIFT_VERSION = 5.0;
				TARGETED_DEVICE_FAMILY = "1,2";
			};
			name = Debug;
		};
		74669C092912FE040096C6CD /* Release */ = {
			isa = XCBuildConfiguration;
			buildSettings = {
				ASSETCATALOG_COMPILER_APPICON_NAME = AppIcon;
				ASSETCATALOG_COMPILER_GLOBAL_ACCENT_COLOR_NAME = AccentColor;
				CODE_SIGN_STYLE = Automatic;
				CURRENT_PROJECT_VERSION = 1;
				DEVELOPMENT_TEAM = Q5RGK848VX;
				GENERATE_INFOPLIST_FILE = YES;
				INFOPLIST_FILE = Project1/Info.plist;
				INFOPLIST_KEY_UIApplicationSupportsIndirectInputEvents = YES;
				INFOPLIST_KEY_UILaunchStoryboardName = LaunchScreen;
				INFOPLIST_KEY_UIMainStoryboardFile = Main;
				INFOPLIST_KEY_UISupportedInterfaceOrientations_iPad = "UIInterfaceOrientationPortrait UIInterfaceOrientationPortraitUpsideDown UIInterfaceOrientationLandscapeLeft UIInterfaceOrientationLandscapeRight";
				INFOPLIST_KEY_UISupportedInterfaceOrientations_iPhone = "UIInterfaceOrientationPortrait UIInterfaceOrientationLandscapeLeft UIInterfaceOrientationLandscapeRight";
				LD_RUNPATH_SEARCH_PATHS = (
					"$(inherited)",
					"@executable_path/Frameworks",
				);
				MARKETING_VERSION = 1.0;
				PRODUCT_BUNDLE_IDENTIFIER = com.talhagolcugezli.Project1;
				PRODUCT_NAME = "$(TARGET_NAME)";
				SWIFT_EMIT_LOC_STRINGS = YES;
				SWIFT_VERSION = 5.0;
				TARGETED_DEVICE_FAMILY = "1,2";
			};
			name = Release;
		};
/* End XCBuildConfiguration section */

/* Begin XCConfigurationList section */
		74669BEE2912FE030096C6CD /* Build configuration list for PBXProject "Project1" */ = {
			isa = XCConfigurationList;
			buildConfigurations = (
				74669C052912FE040096C6CD /* Debug */,
				74669C062912FE040096C6CD /* Release */,
			);
			defaultConfigurationIsVisible = 0;
			defaultConfigurationName = Release;
		};
		74669C072912FE040096C6CD /* Build configuration list for PBXNativeTarget "Project1" */ = {
			isa = XCConfigurationList;
			buildConfigurations = (
				74669C082912FE040096C6CD /* Debug */,
				74669C092912FE040096C6CD /* Release */,
			);
			defaultConfigurationIsVisible = 0;
			defaultConfigurationName = Release;
		};
/* End XCConfigurationList section */
	};
	rootObject = 74669BEB2912FE030096C6CD /* Project object */;
}
